// !$*UTF8*$!
{
	archiveVersion = 1;
	classes = {
	};
	objectVersion = 55;
	objects = {

/* Begin PBXBuildFile section */
		6D09E1CF28EF7618005FD0B9 /* TableViewController.swift in Sources */ = {isa = PBXBuildFile; fileRef = 6D09E1CE28EF7618005FD0B9 /* TableViewController.swift */; };
		6D09E1D228EF7C23005FD0B9 /* SongTableViewCell.swift in Sources */ = {isa = PBXBuildFile; fileRef = 6D09E1D128EF7C23005FD0B9 /* SongTableViewCell.swift */; };
		6D257CEE290977860042A70A /* SongCollectionViewCell.swift in Sources */ = {isa = PBXBuildFile; fileRef = 6D257CED290977860042A70A /* SongCollectionViewCell.swift */; };
		6D37B60628F6BDCC0066EAB9 /* jordan-burns-weekend-slowed.mp3 in Resources */ = {isa = PBXBuildFile; fileRef = 6D37B5FE28F6BDCA0066EAB9 /* jordan-burns-weekend-slowed.mp3 */; };
		6D37B60728F6BDCC0066EAB9 /* Shouse - Love Tonight (David Guetta Remix).mp3 in Resources */ = {isa = PBXBuildFile; fileRef = 6D37B5FF28F6BDCA0066EAB9 /* Shouse - Love Tonight (David Guetta Remix).mp3 */; };
		6D37B60828F6BDCC0066EAB9 /* Adele - Someone Like You (Messed Dubst.mp3 in Resources */ = {isa = PBXBuildFile; fileRef = 6D37B60028F6BDCA0066EAB9 /* Adele - Someone Like You (Messed Dubst.mp3 */; };
		6D37B60928F6BDCC0066EAB9 /* Jnr Choi - TO THE MOON (feat. Sam Tompkins).mp3 in Resources */ = {isa = PBXBuildFile; fileRef = 6D37B60128F6BDCA0066EAB9 /* Jnr Choi - TO THE MOON (feat. Sam Tompkins).mp3 */; };
		6D37B60A28F6BDCC0066EAB9 /* Silent_Child_-_Fuck_You_(musmore.com).mp3 in Resources */ = {isa = PBXBuildFile; fileRef = 6D37B60228F6BDCB0066EAB9 /* Silent_Child_-_Fuck_You_(musmore.com).mp3 */; };
		6D37B60B28F6BDCC0066EAB9 /* ODESZA feat. Bettye Lavette - The Last Goodbye.mp3 in Resources */ = {isa = PBXBuildFile; fileRef = 6D37B60328F6BDCB0066EAB9 /* ODESZA feat. Bettye Lavette - The Last Goodbye.mp3 */; };
		6D37B60C28F6BDCC0066EAB9 /* Adele - Rolling In The Deep.mp3 in Resources */ = {isa = PBXBuildFile; fileRef = 6D37B60428F6BDCC0066EAB9 /* Adele - Rolling In The Deep.mp3 */; };
		6D37B60D28F6BDCC0066EAB9 /* The Tech Thieves - Fake.mp3 in Resources */ = {isa = PBXBuildFile; fileRef = 6D37B60528F6BDCC0066EAB9 /* The Tech Thieves - Fake.mp3 */; };
		6D3BF91828EA0F29001528BA /* AuthViewController + UI.swift in Sources */ = {isa = PBXBuildFile; fileRef = 6D3BF91728EA0F29001528BA /* AuthViewController + UI.swift */; };
		6D3BF91C28EA316E001528BA /* Extension + String.swift in Sources */ = {isa = PBXBuildFile; fileRef = 6D3BF91B28EA316E001528BA /* Extension + String.swift */; };
		6D3D640F28F6D41500405274 /* TableViewController + UI.swift in Sources */ = {isa = PBXBuildFile; fileRef = 6D3D640E28F6D41500405274 /* TableViewController + UI.swift */; };
		6D3D89A82911A8FC00E973A3 /* CollectionViewCell.swift in Sources */ = {isa = PBXBuildFile; fileRef = 6D3D89A62911A8FC00E973A3 /* CollectionViewCell.swift */; };
		6D3D89A92911A8FC00E973A3 /* CollectionViewCell.xib in Resources */ = {isa = PBXBuildFile; fileRef = 6D3D89A72911A8FC00E973A3 /* CollectionViewCell.xib */; };
		6D3F1DED290D7A8400583081 /* LikeSongsTableViewCell.swift in Sources */ = {isa = PBXBuildFile; fileRef = 6D3F1DEC290D7A8400583081 /* LikeSongsTableViewCell.swift */; };
		6D4DA9F428C7AB3A003D6B6A /* AppDelegate.swift in Sources */ = {isa = PBXBuildFile; fileRef = 6D4DA9F328C7AB3A003D6B6A /* AppDelegate.swift */; };
		6D4DA9F628C7AB3A003D6B6A /* SceneDelegate.swift in Sources */ = {isa = PBXBuildFile; fileRef = 6D4DA9F528C7AB3A003D6B6A /* SceneDelegate.swift */; };
		6D4DA9FD28C7AB3C003D6B6A /* Assets.xcassets in Resources */ = {isa = PBXBuildFile; fileRef = 6D4DA9FC28C7AB3C003D6B6A /* Assets.xcassets */; };
		6D4DAA0028C7AB3C003D6B6A /* LaunchScreen.storyboard in Resources */ = {isa = PBXBuildFile; fileRef = 6D4DA9FE28C7AB3C003D6B6A /* LaunchScreen.storyboard */; };
		6D4DAA0B28C7B0CC003D6B6A /* Malumup - FILV x LINIUS - Dont Wanna Go Home.mp3 in Resources */ = {isa = PBXBuildFile; fileRef = 6D4DAA0828C7B0CB003D6B6A /* Malumup - FILV x LINIUS - Dont Wanna Go Home.mp3 */; };
		6D4DAA0C28C7B0CC003D6B6A /* Boris_Brejcha_-_Take_It_Smart_(musmore.com).mp3 in Resources */ = {isa = PBXBuildFile; fileRef = 6D4DAA0928C7B0CB003D6B6A /* Boris_Brejcha_-_Take_It_Smart_(musmore.com).mp3 */; };
		6D4DAA1028C7B15F003D6B6A /* Songs.swift in Sources */ = {isa = PBXBuildFile; fileRef = 6D4DAA0F28C7B15F003D6B6A /* Songs.swift */; };
		6D4DAA1328C7B76A003D6B6A /* MediaPlayer.swift in Sources */ = {isa = PBXBuildFile; fileRef = 6D4DAA1228C7B76A003D6B6A /* MediaPlayer.swift */; };
		6D4DAA1528C7EA37003D6B6A /* MusicPlayerViewController.swift in Sources */ = {isa = PBXBuildFile; fileRef = 6D4DAA1428C7EA37003D6B6A /* MusicPlayerViewController.swift */; };
		6D4DAA1A28C7F487003D6B6A /* KVPV - Mask.mp3 in Resources */ = {isa = PBXBuildFile; fileRef = 6D4DAA1928C7F487003D6B6A /* KVPV - Mask.mp3 */; };
		6D4DAA1D28C8A076003D6B6A /* LoadingViewController.swift in Sources */ = {isa = PBXBuildFile; fileRef = 6D4DAA1C28C8A076003D6B6A /* LoadingViewController.swift */; };
		6D6B090928E604C000179075 /* GoogleService-Info.plist in Resources */ = {isa = PBXBuildFile; fileRef = 6D6B090828E604C000179075 /* GoogleService-Info.plist */; };
		6D6B090B28E7288000179075 /* AuthViewController.swift in Sources */ = {isa = PBXBuildFile; fileRef = 6D6B090A28E7288000179075 /* AuthViewController.swift */; };
		6D6B090E28E8841800179075 /* Extension + StackView.swift in Sources */ = {isa = PBXBuildFile; fileRef = 6D6B090D28E8841800179075 /* Extension + StackView.swift */; };
		6DC049B628EB8F3A000F426E /* Extension + UILabel.swift in Sources */ = {isa = PBXBuildFile; fileRef = 6DC049B528EB8F3A000F426E /* Extension + UILabel.swift */; };
		6DFCFA2029155B16003B1B85 /* AllLikeSongViewController.swift in Sources */ = {isa = PBXBuildFile; fileRef = 6DFCFA1F29155B16003B1B85 /* AllLikeSongViewController.swift */; };
		6DFCFA2229155B54003B1B85 /* AllLikeSongViewController + Ui.swift in Sources */ = {isa = PBXBuildFile; fileRef = 6DFCFA2129155B54003B1B85 /* AllLikeSongViewController + Ui.swift */; };
		7A1BE85213C3F1F45E960B92 /* Pods_MusicPlayerTest.framework in Frameworks */ = {isa = PBXBuildFile; fileRef = C083F8DD062F9BFDAA4E405E /* Pods_MusicPlayerTest.framework */; };
/* End PBXBuildFile section */

/* Begin PBXFileReference section */
		26EEAEF521A0E69B8C7F2BDA /* Pods-MusicPlayerTest.debug.xcconfig */ = {isa = PBXFileReference; includeInIndex = 1; lastKnownFileType = text.xcconfig; name = "Pods-MusicPlayerTest.debug.xcconfig"; path = "Target Support Files/Pods-MusicPlayerTest/Pods-MusicPlayerTest.debug.xcconfig"; sourceTree = "<group>"; };
		6016E12BEA8B5CB2CF5C50D8 /* Pods-MusicPlayerTest.release.xcconfig */ = {isa = PBXFileReference; includeInIndex = 1; lastKnownFileType = text.xcconfig; name = "Pods-MusicPlayerTest.release.xcconfig"; path = "Target Support Files/Pods-MusicPlayerTest/Pods-MusicPlayerTest.release.xcconfig"; sourceTree = "<group>"; };
		6D09E1CE28EF7618005FD0B9 /* TableViewController.swift */ = {isa = PBXFileReference; lastKnownFileType = sourcecode.swift; path = TableViewController.swift; sourceTree = "<group>"; };
		6D09E1D128EF7C23005FD0B9 /* SongTableViewCell.swift */ = {isa = PBXFileReference; lastKnownFileType = sourcecode.swift; path = SongTableViewCell.swift; sourceTree = "<group>"; };
		6D257CED290977860042A70A /* SongCollectionViewCell.swift */ = {isa = PBXFileReference; lastKnownFileType = sourcecode.swift; path = SongCollectionViewCell.swift; sourceTree = "<group>"; };
		6D37B5FE28F6BDCA0066EAB9 /* jordan-burns-weekend-slowed.mp3 */ = {isa = PBXFileReference; lastKnownFileType = audio.mp3; path = "jordan-burns-weekend-slowed.mp3"; sourceTree = "<group>"; };
		6D37B5FF28F6BDCA0066EAB9 /* Shouse - Love Tonight (David Guetta Remix).mp3 */ = {isa = PBXFileReference; lastKnownFileType = audio.mp3; path = "Shouse - Love Tonight (David Guetta Remix).mp3"; sourceTree = "<group>"; };
		6D37B60028F6BDCA0066EAB9 /* Adele - Someone Like You (Messed Dubst.mp3 */ = {isa = PBXFileReference; lastKnownFileType = audio.mp3; path = "Adele - Someone Like You (Messed Dubst.mp3"; sourceTree = "<group>"; };
		6D37B60128F6BDCA0066EAB9 /* Jnr Choi - TO THE MOON (feat. Sam Tompkins).mp3 */ = {isa = PBXFileReference; lastKnownFileType = audio.mp3; path = "Jnr Choi - TO THE MOON (feat. Sam Tompkins).mp3"; sourceTree = "<group>"; };
		6D37B60228F6BDCB0066EAB9 /* Silent_Child_-_Fuck_You_(musmore.com).mp3 */ = {isa = PBXFileReference; lastKnownFileType = audio.mp3; path = "Silent_Child_-_Fuck_You_(musmore.com).mp3"; sourceTree = "<group>"; };
		6D37B60328F6BDCB0066EAB9 /* ODESZA feat. Bettye Lavette - The Last Goodbye.mp3 */ = {isa = PBXFileReference; lastKnownFileType = audio.mp3; path = "ODESZA feat. Bettye Lavette - The Last Goodbye.mp3"; sourceTree = "<group>"; };
		6D37B60428F6BDCC0066EAB9 /* Adele - Rolling In The Deep.mp3 */ = {isa = PBXFileReference; lastKnownFileType = audio.mp3; path = "Adele - Rolling In The Deep.mp3"; sourceTree = "<group>"; };
		6D37B60528F6BDCC0066EAB9 /* The Tech Thieves - Fake.mp3 */ = {isa = PBXFileReference; lastKnownFileType = audio.mp3; path = "The Tech Thieves - Fake.mp3"; sourceTree = "<group>"; };
		6D3BF91728EA0F29001528BA /* AuthViewController + UI.swift */ = {isa = PBXFileReference; lastKnownFileType = sourcecode.swift; path = "AuthViewController + UI.swift"; sourceTree = "<group>"; };
		6D3BF91B28EA316E001528BA /* Extension + String.swift */ = {isa = PBXFileReference; lastKnownFileType = sourcecode.swift; path = "Extension + String.swift"; sourceTree = "<group>"; };
		6D3D640E28F6D41500405274 /* TableViewController + UI.swift */ = {isa = PBXFileReference; lastKnownFileType = sourcecode.swift; path = "TableViewController + UI.swift"; sourceTree = "<group>"; };
		6D3D89A62911A8FC00E973A3 /* CollectionViewCell.swift */ = {isa = PBXFileReference; lastKnownFileType = sourcecode.swift; path = CollectionViewCell.swift; sourceTree = "<group>"; };
		6D3D89A72911A8FC00E973A3 /* CollectionViewCell.xib */ = {isa = PBXFileReference; lastKnownFileType = file.xib; path = CollectionViewCell.xib; sourceTree = "<group>"; };
		6D3F1DEC290D7A8400583081 /* LikeSongsTableViewCell.swift */ = {isa = PBXFileReference; lastKnownFileType = sourcecode.swift; path = LikeSongsTableViewCell.swift; sourceTree = "<group>"; };
		6D4DA9F028C7AB3A003D6B6A /* MusicPlayerTest.app */ = {isa = PBXFileReference; explicitFileType = wrapper.application; includeInIndex = 0; path = MusicPlayerTest.app; sourceTree = BUILT_PRODUCTS_DIR; };
		6D4DA9F328C7AB3A003D6B6A /* AppDelegate.swift */ = {isa = PBXFileReference; lastKnownFileType = sourcecode.swift; path = AppDelegate.swift; sourceTree = "<group>"; };
		6D4DA9F528C7AB3A003D6B6A /* SceneDelegate.swift */ = {isa = PBXFileReference; lastKnownFileType = sourcecode.swift; path = SceneDelegate.swift; sourceTree = "<group>"; };
		6D4DA9FC28C7AB3C003D6B6A /* Assets.xcassets */ = {isa = PBXFileReference; lastKnownFileType = folder.assetcatalog; path = Assets.xcassets; sourceTree = "<group>"; };
		6D4DA9FF28C7AB3C003D6B6A /* Base */ = {isa = PBXFileReference; lastKnownFileType = file.storyboard; name = Base; path = Base.lproj/LaunchScreen.storyboard; sourceTree = "<group>"; };
		6D4DAA0128C7AB3C003D6B6A /* Info.plist */ = {isa = PBXFileReference; lastKnownFileType = text.plist.xml; path = Info.plist; sourceTree = "<group>"; };
		6D4DAA0828C7B0CB003D6B6A /* Malumup - FILV x LINIUS - Dont Wanna Go Home.mp3 */ = {isa = PBXFileReference; lastKnownFileType = audio.mp3; path = "Malumup - FILV x LINIUS - Dont Wanna Go Home.mp3"; sourceTree = "<group>"; };
		6D4DAA0928C7B0CB003D6B6A /* Boris_Brejcha_-_Take_It_Smart_(musmore.com).mp3 */ = {isa = PBXFileReference; lastKnownFileType = audio.mp3; path = "Boris_Brejcha_-_Take_It_Smart_(musmore.com).mp3"; sourceTree = "<group>"; };
		6D4DAA0F28C7B15F003D6B6A /* Songs.swift */ = {isa = PBXFileReference; lastKnownFileType = sourcecode.swift; path = Songs.swift; sourceTree = "<group>"; };
		6D4DAA1228C7B76A003D6B6A /* MediaPlayer.swift */ = {isa = PBXFileReference; lastKnownFileType = sourcecode.swift; path = MediaPlayer.swift; sourceTree = "<group>"; };
		6D4DAA1428C7EA37003D6B6A /* MusicPlayerViewController.swift */ = {isa = PBXFileReference; lastKnownFileType = sourcecode.swift; path = MusicPlayerViewController.swift; sourceTree = "<group>"; };
		6D4DAA1928C7F487003D6B6A /* KVPV - Mask.mp3 */ = {isa = PBXFileReference; lastKnownFileType = audio.mp3; path = "KVPV - Mask.mp3"; sourceTree = "<group>"; };
		6D4DAA1C28C8A076003D6B6A /* LoadingViewController.swift */ = {isa = PBXFileReference; lastKnownFileType = sourcecode.swift; path = LoadingViewController.swift; sourceTree = "<group>"; };
		6D6B090828E604C000179075 /* GoogleService-Info.plist */ = {isa = PBXFileReference; fileEncoding = 4; lastKnownFileType = text.plist.xml; path = "GoogleService-Info.plist"; sourceTree = "<group>"; };
		6D6B090A28E7288000179075 /* AuthViewController.swift */ = {isa = PBXFileReference; lastKnownFileType = sourcecode.swift; path = AuthViewController.swift; sourceTree = "<group>"; };
		6D6B090D28E8841800179075 /* Extension + StackView.swift */ = {isa = PBXFileReference; lastKnownFileType = sourcecode.swift; path = "Extension + StackView.swift"; sourceTree = "<group>"; };
		6DC049B528EB8F3A000F426E /* Extension + UILabel.swift */ = {isa = PBXFileReference; lastKnownFileType = sourcecode.swift; path = "Extension + UILabel.swift"; sourceTree = "<group>"; };
		6DFCFA1F29155B16003B1B85 /* AllLikeSongViewController.swift */ = {isa = PBXFileReference; lastKnownFileType = sourcecode.swift; path = AllLikeSongViewController.swift; sourceTree = "<group>"; };
		6DFCFA2129155B54003B1B85 /* AllLikeSongViewController + Ui.swift */ = {isa = PBXFileReference; lastKnownFileType = sourcecode.swift; path = "AllLikeSongViewController + Ui.swift"; sourceTree = "<group>"; };
		C083F8DD062F9BFDAA4E405E /* Pods_MusicPlayerTest.framework */ = {isa = PBXFileReference; explicitFileType = wrapper.framework; includeInIndex = 0; path = Pods_MusicPlayerTest.framework; sourceTree = BUILT_PRODUCTS_DIR; };
/* End PBXFileReference section */

/* Begin PBXFrameworksBuildPhase section */
		6D4DA9ED28C7AB3A003D6B6A /* Frameworks */ = {
			isa = PBXFrameworksBuildPhase;
			buildActionMask = 2147483647;
			files = (
				7A1BE85213C3F1F45E960B92 /* Pods_MusicPlayerTest.framework in Frameworks */,
			);
			runOnlyForDeploymentPostprocessing = 0;
		};
/* End PBXFrameworksBuildPhase section */

/* Begin PBXGroup section */
		47803692633E1BB07E328437 /* Frameworks */ = {
			isa = PBXGroup;
			children = (
				C083F8DD062F9BFDAA4E405E /* Pods_MusicPlayerTest.framework */,
			);
			name = Frameworks;
			sourceTree = "<group>";
		};
		6D09E1CD28EF7040005FD0B9 /* TableViewController */ = {
			isa = PBXGroup;
			children = (
				6D3D640C28F6D3E900405274 /* Controller */,
				6D3D640D28F6D3F500405274 /* View */,
			);
			path = TableViewController;
			sourceTree = "<group>";
		};
		6D09E1D028EF7C0F005FD0B9 /* Cell */ = {
			isa = PBXGroup;
			children = (
				6D257CEB290977650042A70A /* TableCell */,
				6D257CEC290977730042A70A /* CollectionCell */,
				6D3D89A62911A8FC00E973A3 /* CollectionViewCell.swift */,
				6D3D89A72911A8FC00E973A3 /* CollectionViewCell.xib */,
			);
			path = Cell;
			sourceTree = "<group>";
		};
		6D257CEB290977650042A70A /* TableCell */ = {
			isa = PBXGroup;
			children = (
				6D09E1D128EF7C23005FD0B9 /* SongTableViewCell.swift */,
				6D3F1DEC290D7A8400583081 /* LikeSongsTableViewCell.swift */,
			);
			path = TableCell;
			sourceTree = "<group>";
		};
		6D257CEC290977730042A70A /* CollectionCell */ = {
			isa = PBXGroup;
			children = (
				6D257CED290977860042A70A /* SongCollectionViewCell.swift */,
			);
			path = CollectionCell;
			sourceTree = "<group>";
		};
		6D3BF91228EA0E85001528BA /* Controllers */ = {
			isa = PBXGroup;
			children = (
				6DFCFA1E29155AD5003B1B85 /* AllLikeSong */,
				6D3BF91328EA0EA0001528BA /* Loading */,
				6D09E1CD28EF7040005FD0B9 /* TableViewController */,
				6D3BF91528EA0ED0001528BA /* Auth */,
				6D3BF91428EA0EB2001528BA /* MusicPlayer */,
			);
			path = Controllers;
			sourceTree = "<group>";
		};
		6D3BF91328EA0EA0001528BA /* Loading */ = {
			isa = PBXGroup;
			children = (
				6D4DAA1C28C8A076003D6B6A /* LoadingViewController.swift */,
			);
			path = Loading;
			sourceTree = "<group>";
		};
		6D3BF91428EA0EB2001528BA /* MusicPlayer */ = {
			isa = PBXGroup;
			children = (
				6D4DAA1B28C80391003D6B6A /* Controller */,
				6D4DAA1128C7B75A003D6B6A /* View */,
			);
			path = MusicPlayer;
			sourceTree = "<group>";
		};
		6D3BF91528EA0ED0001528BA /* Auth */ = {
			isa = PBXGroup;
			children = (
				6D3BF91928EA0F4A001528BA /* Controller */,
				6D3BF91A28EA0F55001528BA /* View */,
			);
			path = Auth;
			sourceTree = "<group>";
		};
		6D3BF91628EA0EEF001528BA /* Helper */ = {
			isa = PBXGroup;
			children = (
				6D6B090C28E883FB00179075 /* Extension */,
				6D4DAA0728C7B0B3003D6B6A /* Music */,
			);
			path = Helper;
			sourceTree = "<group>";
		};
		6D3BF91928EA0F4A001528BA /* Controller */ = {
			isa = PBXGroup;
			children = (
				6D6B090A28E7288000179075 /* AuthViewController.swift */,
			);
			path = Controller;
			sourceTree = "<group>";
		};
		6D3BF91A28EA0F55001528BA /* View */ = {
			isa = PBXGroup;
			children = (
				6D3BF91728EA0F29001528BA /* AuthViewController + UI.swift */,
			);
			path = View;
			sourceTree = "<group>";
		};
		6D3D640C28F6D3E900405274 /* Controller */ = {
			isa = PBXGroup;
			children = (
				6D09E1CE28EF7618005FD0B9 /* TableViewController.swift */,
			);
			path = Controller;
			sourceTree = "<group>";
		};
		6D3D640D28F6D3F500405274 /* View */ = {
			isa = PBXGroup;
			children = (
				6D3D640E28F6D41500405274 /* TableViewController + UI.swift */,
			);
			path = View;
			sourceTree = "<group>";
		};
		6D4DA9E728C7AB3A003D6B6A = {
			isa = PBXGroup;
			children = (
				6D4DA9F228C7AB3A003D6B6A /* MusicPlayerTest */,
				6D4DA9F128C7AB3A003D6B6A /* Products */,
				E37BF1E824B9D346849605BF /* Pods */,
				47803692633E1BB07E328437 /* Frameworks */,
			);
			sourceTree = "<group>";
		};
		6D4DA9F128C7AB3A003D6B6A /* Products */ = {
			isa = PBXGroup;
			children = (
				6D4DA9F028C7AB3A003D6B6A /* MusicPlayerTest.app */,
			);
			name = Products;
			sourceTree = "<group>";
		};
		6D4DA9F228C7AB3A003D6B6A /* MusicPlayerTest */ = {
			isa = PBXGroup;
			children = (
				6D09E1D028EF7C0F005FD0B9 /* Cell */,
				6D3BF91628EA0EEF001528BA /* Helper */,
				6D4DAA0E28C7B14F003D6B6A /* Model */,
				6D3BF91228EA0E85001528BA /* Controllers */,
				6D4DA9F328C7AB3A003D6B6A /* AppDelegate.swift */,
				6D4DA9F528C7AB3A003D6B6A /* SceneDelegate.swift */,
				6D4DA9FC28C7AB3C003D6B6A /* Assets.xcassets */,
				6D4DA9FE28C7AB3C003D6B6A /* LaunchScreen.storyboard */,
				6D4DAA0128C7AB3C003D6B6A /* Info.plist */,
				6D6B090828E604C000179075 /* GoogleService-Info.plist */,
			);
			path = MusicPlayerTest;
			sourceTree = "<group>";
		};
		6D4DAA0728C7B0B3003D6B6A /* Music */ = {
			isa = PBXGroup;
			children = (
				6D4DAA0928C7B0CB003D6B6A /* Boris_Brejcha_-_Take_It_Smart_(musmore.com).mp3 */,
				6D4DAA0828C7B0CB003D6B6A /* Malumup - FILV x LINIUS - Dont Wanna Go Home.mp3 */,
				6D4DAA1928C7F487003D6B6A /* KVPV - Mask.mp3 */,
				6D37B60428F6BDCC0066EAB9 /* Adele - Rolling In The Deep.mp3 */,
				6D37B60028F6BDCA0066EAB9 /* Adele - Someone Like You (Messed Dubst.mp3 */,
				6D37B60128F6BDCA0066EAB9 /* Jnr Choi - TO THE MOON (feat. Sam Tompkins).mp3 */,
				6D37B5FE28F6BDCA0066EAB9 /* jordan-burns-weekend-slowed.mp3 */,
				6D37B60328F6BDCB0066EAB9 /* ODESZA feat. Bettye Lavette - The Last Goodbye.mp3 */,
				6D37B5FF28F6BDCA0066EAB9 /* Shouse - Love Tonight (David Guetta Remix).mp3 */,
				6D37B60228F6BDCB0066EAB9 /* Silent_Child_-_Fuck_You_(musmore.com).mp3 */,
				6D37B60528F6BDCC0066EAB9 /* The Tech Thieves - Fake.mp3 */,
			);
			path = Music;
			sourceTree = "<group>";
		};
		6D4DAA0E28C7B14F003D6B6A /* Model */ = {
			isa = PBXGroup;
			children = (
				6D4DAA0F28C7B15F003D6B6A /* Songs.swift */,
			);
			path = Model;
			sourceTree = "<group>";
		};
		6D4DAA1128C7B75A003D6B6A /* View */ = {
			isa = PBXGroup;
			children = (
				6D4DAA1228C7B76A003D6B6A /* MediaPlayer.swift */,
			);
			path = View;
			sourceTree = "<group>";
		};
		6D4DAA1B28C80391003D6B6A /* Controller */ = {
			isa = PBXGroup;
			children = (
				6D4DAA1428C7EA37003D6B6A /* MusicPlayerViewController.swift */,
			);
			path = Controller;
			sourceTree = "<group>";
		};
		6D6B090C28E883FB00179075 /* Extension */ = {
			isa = PBXGroup;
			children = (
				6D6B090D28E8841800179075 /* Extension + StackView.swift */,
				6D3BF91B28EA316E001528BA /* Extension + String.swift */,
				6DC049B528EB8F3A000F426E /* Extension + UILabel.swift */,
			);
			path = Extension;
			sourceTree = "<group>";
		};
		6DFCFA1E29155AD5003B1B85 /* AllLikeSong */ = {
			isa = PBXGroup;
			children = (
				6DFCFA2429155C1B003B1B85 /* Controller */,
				6DFCFA2329155C0F003B1B85 /* View */,
			);
			path = AllLikeSong;
			sourceTree = "<group>";
		};
		6DFCFA2329155C0F003B1B85 /* View */ = {
			isa = PBXGroup;
			children = (
				6DFCFA2129155B54003B1B85 /* AllLikeSongViewController + Ui.swift */,
			);
			path = View;
			sourceTree = "<group>";
		};
		6DFCFA2429155C1B003B1B85 /* Controller */ = {
			isa = PBXGroup;
			children = (
				6DFCFA1F29155B16003B1B85 /* AllLikeSongViewController.swift */,
			);
			path = Controller;
			sourceTree = "<group>";
		};
		E37BF1E824B9D346849605BF /* Pods */ = {
			isa = PBXGroup;
			children = (
				26EEAEF521A0E69B8C7F2BDA /* Pods-MusicPlayerTest.debug.xcconfig */,
				6016E12BEA8B5CB2CF5C50D8 /* Pods-MusicPlayerTest.release.xcconfig */,
			);
			path = Pods;
			sourceTree = "<group>";
		};
/* End PBXGroup section */

/* Begin PBXNativeTarget section */
		6D4DA9EF28C7AB3A003D6B6A /* MusicPlayerTest */ = {
			isa = PBXNativeTarget;
			buildConfigurationList = 6D4DAA0428C7AB3C003D6B6A /* Build configuration list for PBXNativeTarget "MusicPlayerTest" */;
			buildPhases = (
				B00B6FA690A2D1911264D99A /* [CP] Check Pods Manifest.lock */,
				6D4DA9EC28C7AB3A003D6B6A /* Sources */,
				6D4DA9ED28C7AB3A003D6B6A /* Frameworks */,
				6D4DA9EE28C7AB3A003D6B6A /* Resources */,
				1830E7D1C3945B6E99243F4B /* [CP] Embed Pods Frameworks */,
			);
			buildRules = (
			);
			dependencies = (
			);
			name = MusicPlayerTest;
			productName = MusicPlayerTest;
			productReference = 6D4DA9F028C7AB3A003D6B6A /* MusicPlayerTest.app */;
			productType = "com.apple.product-type.application";
		};
/* End PBXNativeTarget section */

/* Begin PBXProject section */
		6D4DA9E828C7AB3A003D6B6A /* Project object */ = {
			isa = PBXProject;
			attributes = {
				BuildIndependentTargetsInParallel = 1;
				LastSwiftUpdateCheck = 1340;
				LastUpgradeCheck = 1340;
				TargetAttributes = {
					6D4DA9EF28C7AB3A003D6B6A = {
						CreatedOnToolsVersion = 13.4.1;
					};
				};
			};
			buildConfigurationList = 6D4DA9EB28C7AB3A003D6B6A /* Build configuration list for PBXProject "MusicPlayerTest" */;
			compatibilityVersion = "Xcode 13.0";
			developmentRegion = en;
			hasScannedForEncodings = 0;
			knownRegions = (
				en,
				Base,
			);
			mainGroup = 6D4DA9E728C7AB3A003D6B6A;
			productRefGroup = 6D4DA9F128C7AB3A003D6B6A /* Products */;
			projectDirPath = "";
			projectRoot = "";
			targets = (
				6D4DA9EF28C7AB3A003D6B6A /* MusicPlayerTest */,
			);
		};
/* End PBXProject section */

/* Begin PBXResourcesBuildPhase section */
		6D4DA9EE28C7AB3A003D6B6A /* Resources */ = {
			isa = PBXResourcesBuildPhase;
			buildActionMask = 2147483647;
			files = (
				6D37B60628F6BDCC0066EAB9 /* jordan-burns-weekend-slowed.mp3 in Resources */,
				6D4DAA0B28C7B0CC003D6B6A /* Malumup - FILV x LINIUS - Dont Wanna Go Home.mp3 in Resources */,
				6D4DAA1A28C7F487003D6B6A /* KVPV - Mask.mp3 in Resources */,
				6D37B60828F6BDCC0066EAB9 /* Adele - Someone Like You (Messed Dubst.mp3 in Resources */,
				6D37B60728F6BDCC0066EAB9 /* Shouse - Love Tonight (David Guetta Remix).mp3 in Resources */,
				6D37B60A28F6BDCC0066EAB9 /* Silent_Child_-_Fuck_You_(musmore.com).mp3 in Resources */,
				6D37B60C28F6BDCC0066EAB9 /* Adele - Rolling In The Deep.mp3 in Resources */,
				6D4DAA0C28C7B0CC003D6B6A /* Boris_Brejcha_-_Take_It_Smart_(musmore.com).mp3 in Resources */,
				6D37B60D28F6BDCC0066EAB9 /* The Tech Thieves - Fake.mp3 in Resources */,
				6D4DAA0028C7AB3C003D6B6A /* LaunchScreen.storyboard in Resources */,
				6D4DA9FD28C7AB3C003D6B6A /* Assets.xcassets in Resources */,
				6D37B60B28F6BDCC0066EAB9 /* ODESZA feat. Bettye Lavette - The Last Goodbye.mp3 in Resources */,
				6D6B090928E604C000179075 /* GoogleService-Info.plist in Resources */,
				6D37B60928F6BDCC0066EAB9 /* Jnr Choi - TO THE MOON (feat. Sam Tompkins).mp3 in Resources */,
				6D3D89A92911A8FC00E973A3 /* CollectionViewCell.xib in Resources */,
			);
			runOnlyForDeploymentPostprocessing = 0;
		};
/* End PBXResourcesBuildPhase section */

/* Begin PBXShellScriptBuildPhase section */
		1830E7D1C3945B6E99243F4B /* [CP] Embed Pods Frameworks */ = {
			isa = PBXShellScriptBuildPhase;
			buildActionMask = 2147483647;
			files = (
			);
			inputFileListPaths = (
				"${PODS_ROOT}/Target Support Files/Pods-MusicPlayerTest/Pods-MusicPlayerTest-frameworks-${CONFIGURATION}-input-files.xcfilelist",
			);
			name = "[CP] Embed Pods Frameworks";
			outputFileListPaths = (
				"${PODS_ROOT}/Target Support Files/Pods-MusicPlayerTest/Pods-MusicPlayerTest-frameworks-${CONFIGURATION}-output-files.xcfilelist",
			);
			runOnlyForDeploymentPostprocessing = 0;
			shellPath = /bin/sh;
			shellScript = "\"${PODS_ROOT}/Target Support Files/Pods-MusicPlayerTest/Pods-MusicPlayerTest-frameworks.sh\"\n";
			showEnvVarsInLog = 0;
		};
		B00B6FA690A2D1911264D99A /* [CP] Check Pods Manifest.lock */ = {
			isa = PBXShellScriptBuildPhase;
			buildActionMask = 2147483647;
			files = (
			);
			inputFileListPaths = (
			);
			inputPaths = (
				"${PODS_PODFILE_DIR_PATH}/Podfile.lock",
				"${PODS_ROOT}/Manifest.lock",
			);
			name = "[CP] Check Pods Manifest.lock";
			outputFileListPaths = (
			);
			outputPaths = (
				"$(DERIVED_FILE_DIR)/Pods-MusicPlayerTest-checkManifestLockResult.txt",
			);
			runOnlyForDeploymentPostprocessing = 0;
			shellPath = /bin/sh;
			shellScript = "diff \"${PODS_PODFILE_DIR_PATH}/Podfile.lock\" \"${PODS_ROOT}/Manifest.lock\" > /dev/null\nif [ $? != 0 ] ; then\n    # print error to STDERR\n    echo \"error: The sandbox is not in sync with the Podfile.lock. Run 'pod install' or update your CocoaPods installation.\" >&2\n    exit 1\nfi\n# This output is used by Xcode 'outputs' to avoid re-running this script phase.\necho \"SUCCESS\" > \"${SCRIPT_OUTPUT_FILE_0}\"\n";
			showEnvVarsInLog = 0;
		};
/* End PBXShellScriptBuildPhase section */

/* Begin PBXSourcesBuildPhase section */
		6D4DA9EC28C7AB3A003D6B6A /* Sources */ = {
			isa = PBXSourcesBuildPhase;
			buildActionMask = 2147483647;
			files = (
				6D09E1D228EF7C23005FD0B9 /* SongTableViewCell.swift in Sources */,
				6D4DAA1028C7B15F003D6B6A /* Songs.swift in Sources */,
				6D3D89A82911A8FC00E973A3 /* CollectionViewCell.swift in Sources */,
				6D4DAA1528C7EA37003D6B6A /* MusicPlayerViewController.swift in Sources */,
				6D257CEE290977860042A70A /* SongCollectionViewCell.swift in Sources */,
				6D3D640F28F6D41500405274 /* TableViewController + UI.swift in Sources */,
				6D3BF91C28EA316E001528BA /* Extension + String.swift in Sources */,
				6DFCFA2229155B54003B1B85 /* AllLikeSongViewController + Ui.swift in Sources */,
				6D4DA9F428C7AB3A003D6B6A /* AppDelegate.swift in Sources */,
				6D6B090B28E7288000179075 /* AuthViewController.swift in Sources */,
				6D4DA9F628C7AB3A003D6B6A /* SceneDelegate.swift in Sources */,
				6D3F1DED290D7A8400583081 /* LikeSongsTableViewCell.swift in Sources */,
				6D4DAA1328C7B76A003D6B6A /* MediaPlayer.swift in Sources */,
				6D09E1CF28EF7618005FD0B9 /* TableViewController.swift in Sources */,
				6D3BF91828EA0F29001528BA /* AuthViewController + UI.swift in Sources */,
				6D4DAA1D28C8A076003D6B6A /* LoadingViewController.swift in Sources */,
				6D6B090E28E8841800179075 /* Extension + StackView.swift in Sources */,
				6DFCFA2029155B16003B1B85 /* AllLikeSongViewController.swift in Sources */,
				6DC049B628EB8F3A000F426E /* Extension + UILabel.swift in Sources */,
			);
			runOnlyForDeploymentPostprocessing = 0;
		};
/* End PBXSourcesBuildPhase section */

/* Begin PBXVariantGroup section */
		6D4DA9FE28C7AB3C003D6B6A /* LaunchScreen.storyboard */ = {
			isa = PBXVariantGroup;
			children = (
				6D4DA9FF28C7AB3C003D6B6A /* Base */,
			);
			name = LaunchScreen.storyboard;
			sourceTree = "<group>";
		};
/* End PBXVariantGroup section */

/* Begin XCBuildConfiguration section */
		6D4DAA0228C7AB3C003D6B6A /* Debug */ = {
			isa = XCBuildConfiguration;
			buildSettings = {
				ALWAYS_SEARCH_USER_PATHS = NO;
				CLANG_ANALYZER_NONNULL = YES;
				CLANG_ANALYZER_NUMBER_OBJECT_CONVERSION = YES_AGGRESSIVE;
				CLANG_CXX_LANGUAGE_STANDARD = "gnu++17";
				CLANG_ENABLE_MODULES = YES;
				CLANG_ENABLE_OBJC_ARC = YES;
				CLANG_ENABLE_OBJC_WEAK = YES;
				CLANG_WARN_BLOCK_CAPTURE_AUTORELEASING = YES;
				CLANG_WARN_BOOL_CONVERSION = YES;
				CLANG_WARN_COMMA = YES;
				CLANG_WARN_CONSTANT_CONVERSION = YES;
				CLANG_WARN_DEPRECATED_OBJC_IMPLEMENTATIONS = YES;
				CLANG_WARN_DIRECT_OBJC_ISA_USAGE = YES_ERROR;
				CLANG_WARN_DOCUMENTATION_COMMENTS = YES;
				CLANG_WARN_EMPTY_BODY = YES;
				CLANG_WARN_ENUM_CONVERSION = YES;
				CLANG_WARN_INFINITE_RECURSION = YES;
				CLANG_WARN_INT_CONVERSION = YES;
				CLANG_WARN_NON_LITERAL_NULL_CONVERSION = YES;
				CLANG_WARN_OBJC_IMPLICIT_RETAIN_SELF = YES;
				CLANG_WARN_OBJC_LITERAL_CONVERSION = YES;
				CLANG_WARN_OBJC_ROOT_CLASS = YES_ERROR;
				CLANG_WARN_QUOTED_INCLUDE_IN_FRAMEWORK_HEADER = YES;
				CLANG_WARN_RANGE_LOOP_ANALYSIS = YES;
				CLANG_WARN_STRICT_PROTOTYPES = YES;
				CLANG_WARN_SUSPICIOUS_MOVE = YES;
				CLANG_WARN_UNGUARDED_AVAILABILITY = YES_AGGRESSIVE;
				CLANG_WARN_UNREACHABLE_CODE = YES;
				CLANG_WARN__DUPLICATE_METHOD_MATCH = YES;
				COPY_PHASE_STRIP = NO;
				DEBUG_INFORMATION_FORMAT = dwarf;
				ENABLE_STRICT_OBJC_MSGSEND = YES;
				ENABLE_TESTABILITY = YES;
				"EXCLUDED_ARCHS[sdk=iphonesimulator*]" = arm64;
				GCC_C_LANGUAGE_STANDARD = gnu11;
				GCC_DYNAMIC_NO_PIC = NO;
				GCC_NO_COMMON_BLOCKS = YES;
				GCC_OPTIMIZATION_LEVEL = 0;
				GCC_PREPROCESSOR_DEFINITIONS = (
					"DEBUG=1",
					"$(inherited)",
				);
				GCC_WARN_64_TO_32_BIT_CONVERSION = YES;
				GCC_WARN_ABOUT_RETURN_TYPE = YES_ERROR;
				GCC_WARN_UNDECLARED_SELECTOR = YES;
				GCC_WARN_UNINITIALIZED_AUTOS = YES_AGGRESSIVE;
				GCC_WARN_UNUSED_FUNCTION = YES;
				GCC_WARN_UNUSED_VARIABLE = YES;
				IPHONEOS_DEPLOYMENT_TARGET = 15.5;
				MTL_ENABLE_DEBUG_INFO = INCLUDE_SOURCE;
				MTL_FAST_MATH = YES;
				ONLY_ACTIVE_ARCH = YES;
				SDKROOT = iphoneos;
				SWIFT_ACTIVE_COMPILATION_CONDITIONS = DEBUG;
				SWIFT_OPTIMIZATION_LEVEL = "-Onone";
			};
			name = Debug;
		};
		6D4DAA0328C7AB3C003D6B6A /* Release */ = {
			isa = XCBuildConfiguration;
			buildSettings = {
				ALWAYS_SEARCH_USER_PATHS = NO;
				CLANG_ANALYZER_NONNULL = YES;
				CLANG_ANALYZER_NUMBER_OBJECT_CONVERSION = YES_AGGRESSIVE;
				CLANG_CXX_LANGUAGE_STANDARD = "gnu++17";
				CLANG_ENABLE_MODULES = YES;
				CLANG_ENABLE_OBJC_ARC = YES;
				CLANG_ENABLE_OBJC_WEAK = YES;
				CLANG_WARN_BLOCK_CAPTURE_AUTORELEASING = YES;
				CLANG_WARN_BOOL_CONVERSION = YES;
				CLANG_WARN_COMMA = YES;
				CLANG_WARN_CONSTANT_CONVERSION = YES;
				CLANG_WARN_DEPRECATED_OBJC_IMPLEMENTATIONS = YES;
				CLANG_WARN_DIRECT_OBJC_ISA_USAGE = YES_ERROR;
				CLANG_WARN_DOCUMENTATION_COMMENTS = YES;
				CLANG_WARN_EMPTY_BODY = YES;
				CLANG_WARN_ENUM_CONVERSION = YES;
				CLANG_WARN_INFINITE_RECURSION = YES;
				CLANG_WARN_INT_CONVERSION = YES;
				CLANG_WARN_NON_LITERAL_NULL_CONVERSION = YES;
				CLANG_WARN_OBJC_IMPLICIT_RETAIN_SELF = YES;
				CLANG_WARN_OBJC_LITERAL_CONVERSION = YES;
				CLANG_WARN_OBJC_ROOT_CLASS = YES_ERROR;
				CLANG_WARN_QUOTED_INCLUDE_IN_FRAMEWORK_HEADER = YES;
				CLANG_WARN_RANGE_LOOP_ANALYSIS = YES;
				CLANG_WARN_STRICT_PROTOTYPES = YES;
				CLANG_WARN_SUSPICIOUS_MOVE = YES;
				CLANG_WARN_UNGUARDED_AVAILABILITY = YES_AGGRESSIVE;
				CLANG_WARN_UNREACHABLE_CODE = YES;
				CLANG_WARN__DUPLICATE_METHOD_MATCH = YES;
				COPY_PHASE_STRIP = NO;
				DEBUG_INFORMATION_FORMAT = "dwarf-with-dsym";
				ENABLE_NS_ASSERTIONS = NO;
				ENABLE_STRICT_OBJC_MSGSEND = YES;
				"EXCLUDED_ARCHS[sdk=iphonesimulator*]" = arm64;
				GCC_C_LANGUAGE_STANDARD = gnu11;
				GCC_NO_COMMON_BLOCKS = YES;
				GCC_WARN_64_TO_32_BIT_CONVERSION = YES;
				GCC_WARN_ABOUT_RETURN_TYPE = YES_ERROR;
				GCC_WARN_UNDECLARED_SELECTOR = YES;
				GCC_WARN_UNINITIALIZED_AUTOS = YES_AGGRESSIVE;
				GCC_WARN_UNUSED_FUNCTION = YES;
				GCC_WARN_UNUSED_VARIABLE = YES;
				IPHONEOS_DEPLOYMENT_TARGET = 15.5;
				MTL_ENABLE_DEBUG_INFO = NO;
				MTL_FAST_MATH = YES;
				SDKROOT = iphoneos;
				SWIFT_COMPILATION_MODE = wholemodule;
				SWIFT_OPTIMIZATION_LEVEL = "-O";
				VALIDATE_PRODUCT = YES;
			};
			name = Release;
		};
		6D4DAA0528C7AB3C003D6B6A /* Debug */ = {
			isa = XCBuildConfiguration;
			baseConfigurationReference = 26EEAEF521A0E69B8C7F2BDA /* Pods-MusicPlayerTest.debug.xcconfig */;
			buildSettings = {
				ASSETCATALOG_COMPILER_APPICON_NAME = AppIcon;
				ASSETCATALOG_COMPILER_GLOBAL_ACCENT_COLOR_NAME = AccentColor;
				CODE_SIGN_STYLE = Automatic;
				CURRENT_PROJECT_VERSION = 1;
				DEVELOPMENT_TEAM = 2UV89UU2ZA;
				"EXCLUDED_ARCHS[sdk=iphonesimulator*]" = arm64;
				GENERATE_INFOPLIST_FILE = YES;
				INFOPLIST_FILE = MusicPlayerTest/Info.plist;
				INFOPLIST_KEY_UIApplicationSupportsIndirectInputEvents = YES;
				INFOPLIST_KEY_UILaunchStoryboardName = LaunchScreen;
				INFOPLIST_KEY_UISupportedInterfaceOrientations = UIInterfaceOrientationPortrait;
				INFOPLIST_KEY_UISupportedInterfaceOrientations_iPad = "UIInterfaceOrientationPortrait UIInterfaceOrientationPortraitUpsideDown UIInterfaceOrientationLandscapeLeft UIInterfaceOrientationLandscapeRight";
				INFOPLIST_KEY_UISupportedInterfaceOrientations_iPhone = "UIInterfaceOrientationPortrait UIInterfaceOrientationLandscapeLeft UIInterfaceOrientationLandscapeRight";
				IPHONEOS_DEPLOYMENT_TARGET = 16.0;
				LD_RUNPATH_SEARCH_PATHS = (
					"$(inherited)",
					"@executable_path/Frameworks",
				);
				MARKETING_VERSION = 1.0;
				PRODUCT_BUNDLE_IDENTIFIER = IvanSeliuk.MusicPlayerTest;
				PRODUCT_NAME = "$(TARGET_NAME)";
				SWIFT_EMIT_LOC_STRINGS = YES;
				SWIFT_VERSION = 5.0;
				TARGETED_DEVICE_FAMILY = "1,2";
			};
			name = Debug;
		};
		6D4DAA0628C7AB3C003D6B6A /* Release */ = {
			isa = XCBuildConfiguration;
			baseConfigurationReference = 6016E12BEA8B5CB2CF5C50D8 /* Pods-MusicPlayerTest.release.xcconfig */;
			buildSettings = {
				ASSETCATALOG_COMPILER_APPICON_NAME = AppIcon;
				ASSETCATALOG_COMPILER_GLOBAL_ACCENT_COLOR_NAME = AccentColor;
				CODE_SIGN_STYLE = Automatic;
				CURRENT_PROJECT_VERSION = 1;
				DEVELOPMENT_TEAM = 2UV89UU2ZA;
				"EXCLUDED_ARCHS[sdk=iphonesimulator*]" = arm64;
				GENERATE_INFOPLIST_FILE = YES;
				INFOPLIST_FILE = MusicPlayerTest/Info.plist;
				INFOPLIST_KEY_UIApplicationSupportsIndirectInputEvents = YES;
				INFOPLIST_KEY_UILaunchStoryboardName = LaunchScreen;
				INFOPLIST_KEY_UISupportedInterfaceOrientations = UIInterfaceOrientationPortrait;
				INFOPLIST_KEY_UISupportedInterfaceOrientations_iPad = "UIInterfaceOrientationPortrait UIInterfaceOrientationPortraitUpsideDown UIInterfaceOrientationLandscapeLeft UIInterfaceOrientationLandscapeRight";
				INFOPLIST_KEY_UISupportedInterfaceOrientations_iPhone = "UIInterfaceOrientationPortrait UIInterfaceOrientationLandscapeLeft UIInterfaceOrientationLandscapeRight";
				IPHONEOS_DEPLOYMENT_TARGET = 16.0;
				LD_RUNPATH_SEARCH_PATHS = (
					"$(inherited)",
					"@executable_path/Frameworks",
				);
				MARKETING_VERSION = 1.0;
				PRODUCT_BUNDLE_IDENTIFIER = IvanSeliuk.MusicPlayerTest;
				PRODUCT_NAME = "$(TARGET_NAME)";
				SWIFT_EMIT_LOC_STRINGS = YES;
				SWIFT_VERSION = 5.0;
				TARGETED_DEVICE_FAMILY = "1,2";
			};
			name = Release;
		};
/* End XCBuildConfiguration section */

/* Begin XCConfigurationList section */
		6D4DA9EB28C7AB3A003D6B6A /* Build configuration list for PBXProject "MusicPlayerTest" */ = {
			isa = XCConfigurationList;
			buildConfigurations = (
				6D4DAA0228C7AB3C003D6B6A /* Debug */,
				6D4DAA0328C7AB3C003D6B6A /* Release */,
			);
			defaultConfigurationIsVisible = 0;
			defaultConfigurationName = Release;
		};
		6D4DAA0428C7AB3C003D6B6A /* Build configuration list for PBXNativeTarget "MusicPlayerTest" */ = {
			isa = XCConfigurationList;
			buildConfigurations = (
				6D4DAA0528C7AB3C003D6B6A /* Debug */,
				6D4DAA0628C7AB3C003D6B6A /* Release */,
			);
			defaultConfigurationIsVisible = 0;
			defaultConfigurationName = Release;
		};
/* End XCConfigurationList section */
	};
	rootObject = 6D4DA9E828C7AB3A003D6B6A /* Project object */;
}
